// !$*UTF8*$!
{
	archiveVersion = 1;
	classes = {
	};
	objectVersion = 51;
	objects = {

/* Begin PBXBuildFile section */
		4FAC29622773B1A045768620 /* Pods_flixster_flixsterUITests.framework in Frameworks */ = {isa = PBXBuildFile; fileRef = 343AC043A7FD938FC04C26E1 /* Pods_flixster_flixsterUITests.framework */; };
		648833372519BF1E0059A0B2 /* AppDelegate.swift in Sources */ = {isa = PBXBuildFile; fileRef = 648833362519BF1E0059A0B2 /* AppDelegate.swift */; };
		648833392519BF1E0059A0B2 /* SceneDelegate.swift in Sources */ = {isa = PBXBuildFile; fileRef = 648833382519BF1E0059A0B2 /* SceneDelegate.swift */; };
		6488333E2519BF1E0059A0B2 /* Main.storyboard in Resources */ = {isa = PBXBuildFile; fileRef = 6488333C2519BF1E0059A0B2 /* Main.storyboard */; };
		648833402519BF200059A0B2 /* Assets.xcassets in Resources */ = {isa = PBXBuildFile; fileRef = 6488333F2519BF200059A0B2 /* Assets.xcassets */; };
		648833432519BF200059A0B2 /* LaunchScreen.storyboard in Resources */ = {isa = PBXBuildFile; fileRef = 648833412519BF200059A0B2 /* LaunchScreen.storyboard */; };
		6488334E2519BF200059A0B2 /* flixsterTests.swift in Sources */ = {isa = PBXBuildFile; fileRef = 6488334D2519BF200059A0B2 /* flixsterTests.swift */; };
		648833592519BF200059A0B2 /* flixsterUITests.swift in Sources */ = {isa = PBXBuildFile; fileRef = 648833582519BF200059A0B2 /* flixsterUITests.swift */; };
		6488336A2519BFB60059A0B2 /* MovieViewController.swift in Sources */ = {isa = PBXBuildFile; fileRef = 648833692519BFB60059A0B2 /* MovieViewController.swift */; };
		648833722519BFF70059A0B2 /* MovieCell.swift in Sources */ = {isa = PBXBuildFile; fileRef = 648833712519BFF70059A0B2 /* MovieCell.swift */; };
		64C23E612525454900562048 /* MovieGridViewController.swift in Sources */ = {isa = PBXBuildFile; fileRef = 64C23E602525454900562048 /* MovieGridViewController.swift */; };
		64C23E6925254BC600562048 /* MovieGridCell.swift in Sources */ = {isa = PBXBuildFile; fileRef = 64C23E6825254BC600562048 /* MovieGridCell.swift */; };
		64F62AAA2525A32A00B3D0F8 /* MovieDetailsViewController.swift in Sources */ = {isa = PBXBuildFile; fileRef = 64F62AA92525A32A00B3D0F8 /* MovieDetailsViewController.swift */; };
		7001C55909D018E9B77FA9C6 /* Pods_flixster.framework in Frameworks */ = {isa = PBXBuildFile; fileRef = 8E6A6C45FC618B0FEDF07E03 /* Pods_flixster.framework */; };
		F44CBB8CC871B98229EE97F3 /* Pods_flixsterTests.framework in Frameworks */ = {isa = PBXBuildFile; fileRef = B989E7299FE1EE7F32785D3C /* Pods_flixsterTests.framework */; };
/* End PBXBuildFile section */

/* Begin PBXContainerItemProxy section */
		6488334A2519BF200059A0B2 /* PBXContainerItemProxy */ = {
			isa = PBXContainerItemProxy;
			containerPortal = 6488332B2519BF1E0059A0B2 /* Project object */;
			proxyType = 1;
			remoteGlobalIDString = 648833322519BF1E0059A0B2;
			remoteInfo = flixster;
		};
		648833552519BF200059A0B2 /* PBXContainerItemProxy */ = {
			isa = PBXContainerItemProxy;
			containerPortal = 6488332B2519BF1E0059A0B2 /* Project object */;
			proxyType = 1;
			remoteGlobalIDString = 648833322519BF1E0059A0B2;
			remoteInfo = flixster;
		};
/* End PBXContainerItemProxy section */

/* Begin PBXFileReference section */
		00F9CD967ACA4CA8689F8C61 /* Pods-flixster.debug.xcconfig */ = {isa = PBXFileReference; includeInIndex = 1; lastKnownFileType = text.xcconfig; name = "Pods-flixster.debug.xcconfig"; path = "Target Support Files/Pods-flixster/Pods-flixster.debug.xcconfig"; sourceTree = "<group>"; };
		343AC043A7FD938FC04C26E1 /* Pods_flixster_flixsterUITests.framework */ = {isa = PBXFileReference; explicitFileType = wrapper.framework; includeInIndex = 0; path = Pods_flixster_flixsterUITests.framework; sourceTree = BUILT_PRODUCTS_DIR; };
		4E34DFDBF04E912907F7C921 /* Pods-flixsterTests.debug.xcconfig */ = {isa = PBXFileReference; includeInIndex = 1; lastKnownFileType = text.xcconfig; name = "Pods-flixsterTests.debug.xcconfig"; path = "Target Support Files/Pods-flixsterTests/Pods-flixsterTests.debug.xcconfig"; sourceTree = "<group>"; };
		648833332519BF1E0059A0B2 /* flixster.app */ = {isa = PBXFileReference; explicitFileType = wrapper.application; includeInIndex = 0; path = flixster.app; sourceTree = BUILT_PRODUCTS_DIR; };
		648833362519BF1E0059A0B2 /* AppDelegate.swift */ = {isa = PBXFileReference; lastKnownFileType = sourcecode.swift; path = AppDelegate.swift; sourceTree = "<group>"; };
		648833382519BF1E0059A0B2 /* SceneDelegate.swift */ = {isa = PBXFileReference; lastKnownFileType = sourcecode.swift; path = SceneDelegate.swift; sourceTree = "<group>"; };
		6488333D2519BF1E0059A0B2 /* Base */ = {isa = PBXFileReference; lastKnownFileType = file.storyboard; name = Base; path = Base.lproj/Main.storyboard; sourceTree = "<group>"; };
		6488333F2519BF200059A0B2 /* Assets.xcassets */ = {isa = PBXFileReference; lastKnownFileType = folder.assetcatalog; path = Assets.xcassets; sourceTree = "<group>"; };
		648833422519BF200059A0B2 /* Base */ = {isa = PBXFileReference; lastKnownFileType = file.storyboard; name = Base; path = Base.lproj/LaunchScreen.storyboard; sourceTree = "<group>"; };
		648833442519BF200059A0B2 /* Info.plist */ = {isa = PBXFileReference; lastKnownFileType = text.plist.xml; path = Info.plist; sourceTree = "<group>"; };
		648833492519BF200059A0B2 /* flixsterTests.xctest */ = {isa = PBXFileReference; explicitFileType = wrapper.cfbundle; includeInIndex = 0; path = flixsterTests.xctest; sourceTree = BUILT_PRODUCTS_DIR; };
		6488334D2519BF200059A0B2 /* flixsterTests.swift */ = {isa = PBXFileReference; lastKnownFileType = sourcecode.swift; path = flixsterTests.swift; sourceTree = "<group>"; };
		6488334F2519BF200059A0B2 /* Info.plist */ = {isa = PBXFileReference; lastKnownFileType = text.plist.xml; path = Info.plist; sourceTree = "<group>"; };
		648833542519BF200059A0B2 /* flixsterUITests.xctest */ = {isa = PBXFileReference; explicitFileType = wrapper.cfbundle; includeInIndex = 0; path = flixsterUITests.xctest; sourceTree = BUILT_PRODUCTS_DIR; };
		648833582519BF200059A0B2 /* flixsterUITests.swift */ = {isa = PBXFileReference; lastKnownFileType = sourcecode.swift; path = flixsterUITests.swift; sourceTree = "<group>"; };
		6488335A2519BF200059A0B2 /* Info.plist */ = {isa = PBXFileReference; lastKnownFileType = text.plist.xml; path = Info.plist; sourceTree = "<group>"; };
		648833692519BFB60059A0B2 /* MovieViewController.swift */ = {isa = PBXFileReference; lastKnownFileType = sourcecode.swift; path = MovieViewController.swift; sourceTree = "<group>"; };
		648833712519BFF70059A0B2 /* MovieCell.swift */ = {isa = PBXFileReference; lastKnownFileType = sourcecode.swift; path = MovieCell.swift; sourceTree = "<group>"; };
		64C23E602525454900562048 /* MovieGridViewController.swift */ = {isa = PBXFileReference; lastKnownFileType = sourcecode.swift; path = MovieGridViewController.swift; sourceTree = "<group>"; };
		64C23E6825254BC600562048 /* MovieGridCell.swift */ = {isa = PBXFileReference; lastKnownFileType = sourcecode.swift; path = MovieGridCell.swift; sourceTree = "<group>"; };
		64F62AA92525A32A00B3D0F8 /* MovieDetailsViewController.swift */ = {isa = PBXFileReference; lastKnownFileType = sourcecode.swift; path = MovieDetailsViewController.swift; sourceTree = "<group>"; };
		6F770B97E55A5A57471B14C8 /* Pods-flixster.release.xcconfig */ = {isa = PBXFileReference; includeInIndex = 1; lastKnownFileType = text.xcconfig; name = "Pods-flixster.release.xcconfig"; path = "Target Support Files/Pods-flixster/Pods-flixster.release.xcconfig"; sourceTree = "<group>"; };
		83D27A7D81B7212BA4C4291E /* Pods-flixster-flixsterUITests.release.xcconfig */ = {isa = PBXFileReference; includeInIndex = 1; lastKnownFileType = text.xcconfig; name = "Pods-flixster-flixsterUITests.release.xcconfig"; path = "Target Support Files/Pods-flixster-flixsterUITests/Pods-flixster-flixsterUITests.release.xcconfig"; sourceTree = "<group>"; };
		8E6A6C45FC618B0FEDF07E03 /* Pods_flixster.framework */ = {isa = PBXFileReference; explicitFileType = wrapper.framework; includeInIndex = 0; path = Pods_flixster.framework; sourceTree = BUILT_PRODUCTS_DIR; };
		B989E7299FE1EE7F32785D3C /* Pods_flixsterTests.framework */ = {isa = PBXFileReference; explicitFileType = wrapper.framework; includeInIndex = 0; path = Pods_flixsterTests.framework; sourceTree = BUILT_PRODUCTS_DIR; };
		DA242F83446EFB4430E4FC8F /* Pods-flixster-flixsterUITests.debug.xcconfig */ = {isa = PBXFileReference; includeInIndex = 1; lastKnownFileType = text.xcconfig; name = "Pods-flixster-flixsterUITests.debug.xcconfig"; path = "Target Support Files/Pods-flixster-flixsterUITests/Pods-flixster-flixsterUITests.debug.xcconfig"; sourceTree = "<group>"; };
		DA96B903E869C486124A1AB8 /* Pods-flixsterTests.release.xcconfig */ = {isa = PBXFileReference; includeInIndex = 1; lastKnownFileType = text.xcconfig; name = "Pods-flixsterTests.release.xcconfig"; path = "Target Support Files/Pods-flixsterTests/Pods-flixsterTests.release.xcconfig"; sourceTree = "<group>"; };
/* End PBXFileReference section */

/* Begin PBXFrameworksBuildPhase section */
		648833302519BF1E0059A0B2 /* Frameworks */ = {
			isa = PBXFrameworksBuildPhase;
			buildActionMask = 2147483647;
			files = (
				7001C55909D018E9B77FA9C6 /* Pods_flixster.framework in Frameworks */,
			);
			runOnlyForDeploymentPostprocessing = 0;
		};
		648833462519BF200059A0B2 /* Frameworks */ = {
			isa = PBXFrameworksBuildPhase;
			buildActionMask = 2147483647;
			files = (
				F44CBB8CC871B98229EE97F3 /* Pods_flixsterTests.framework in Frameworks */,
			);
			runOnlyForDeploymentPostprocessing = 0;
		};
		648833512519BF200059A0B2 /* Frameworks */ = {
			isa = PBXFrameworksBuildPhase;
			buildActionMask = 2147483647;
			files = (
				4FAC29622773B1A045768620 /* Pods_flixster_flixsterUITests.framework in Frameworks */,
			);
			runOnlyForDeploymentPostprocessing = 0;
		};
/* End PBXFrameworksBuildPhase section */

/* Begin PBXGroup section */
		6488332A2519BF1E0059A0B2 = {
			isa = PBXGroup;
			children = (
				648833352519BF1E0059A0B2 /* flixster */,
				6488334C2519BF200059A0B2 /* flixsterTests */,
				648833572519BF200059A0B2 /* flixsterUITests */,
				648833342519BF1E0059A0B2 /* Products */,
				A8DC56B27DEBD193688B0CA8 /* Pods */,
				CB4FAA28E5FB4DE936F0E5FD /* Frameworks */,
			);
			sourceTree = "<group>";
		};
		648833342519BF1E0059A0B2 /* Products */ = {
			isa = PBXGroup;
			children = (
				648833332519BF1E0059A0B2 /* flixster.app */,
				648833492519BF200059A0B2 /* flixsterTests.xctest */,
				648833542519BF200059A0B2 /* flixsterUITests.xctest */,
			);
			name = Products;
			sourceTree = "<group>";
		};
		648833352519BF1E0059A0B2 /* flixster */ = {
			isa = PBXGroup;
			children = (
				648833692519BFB60059A0B2 /* MovieViewController.swift */,
				64C23E602525454900562048 /* MovieGridViewController.swift */,
				648833362519BF1E0059A0B2 /* AppDelegate.swift */,
				648833382519BF1E0059A0B2 /* SceneDelegate.swift */,
				6488333C2519BF1E0059A0B2 /* Main.storyboard */,
				6488333F2519BF200059A0B2 /* Assets.xcassets */,
				648833412519BF200059A0B2 /* LaunchScreen.storyboard */,
				648833442519BF200059A0B2 /* Info.plist */,
				648833712519BFF70059A0B2 /* MovieCell.swift */,
				64C23E6825254BC600562048 /* MovieGridCell.swift */,
				64F62AA92525A32A00B3D0F8 /* MovieDetailsViewController.swift */,
			);
			path = flixster;
			sourceTree = "<group>";
		};
		6488334C2519BF200059A0B2 /* flixsterTests */ = {
			isa = PBXGroup;
			children = (
				6488334D2519BF200059A0B2 /* flixsterTests.swift */,
				6488334F2519BF200059A0B2 /* Info.plist */,
			);
			path = flixsterTests;
			sourceTree = "<group>";
		};
		648833572519BF200059A0B2 /* flixsterUITests */ = {
			isa = PBXGroup;
			children = (
				648833582519BF200059A0B2 /* flixsterUITests.swift */,
				6488335A2519BF200059A0B2 /* Info.plist */,
			);
			path = flixsterUITests;
			sourceTree = "<group>";
		};
		A8DC56B27DEBD193688B0CA8 /* Pods */ = {
			isa = PBXGroup;
			children = (
				00F9CD967ACA4CA8689F8C61 /* Pods-flixster.debug.xcconfig */,
				6F770B97E55A5A57471B14C8 /* Pods-flixster.release.xcconfig */,
				DA242F83446EFB4430E4FC8F /* Pods-flixster-flixsterUITests.debug.xcconfig */,
				83D27A7D81B7212BA4C4291E /* Pods-flixster-flixsterUITests.release.xcconfig */,
				4E34DFDBF04E912907F7C921 /* Pods-flixsterTests.debug.xcconfig */,
				DA96B903E869C486124A1AB8 /* Pods-flixsterTests.release.xcconfig */,
			);
			path = Pods;
			sourceTree = "<group>";
		};
		CB4FAA28E5FB4DE936F0E5FD /* Frameworks */ = {
			isa = PBXGroup;
			children = (
				8E6A6C45FC618B0FEDF07E03 /* Pods_flixster.framework */,
				343AC043A7FD938FC04C26E1 /* Pods_flixster_flixsterUITests.framework */,
				B989E7299FE1EE7F32785D3C /* Pods_flixsterTests.framework */,
			);
			name = Frameworks;
			sourceTree = "<group>";
		};
/* End PBXGroup section */

/* Begin PBXNativeTarget section */
		648833322519BF1E0059A0B2 /* flixster */ = {
			isa = PBXNativeTarget;
			buildConfigurationList = 6488335D2519BF200059A0B2 /* Build configuration list for PBXNativeTarget "flixster" */;
			buildPhases = (
				E3E24240063FA27A927ED915 /* [CP] Check Pods Manifest.lock */,
				6488332F2519BF1E0059A0B2 /* Sources */,
				648833302519BF1E0059A0B2 /* Frameworks */,
				648833312519BF1E0059A0B2 /* Resources */,
				B6B1F66629D3B73C19BCAC8C /* [CP] Embed Pods Frameworks */,
			);
			buildRules = (
			);
			dependencies = (
			);
			name = flixster;
			productName = flixster;
			productReference = 648833332519BF1E0059A0B2 /* flixster.app */;
			productType = "com.apple.product-type.application";
		};
		648833482519BF200059A0B2 /* flixsterTests */ = {
			isa = PBXNativeTarget;
			buildConfigurationList = 648833602519BF200059A0B2 /* Build configuration list for PBXNativeTarget "flixsterTests" */;
			buildPhases = (
				E8B01BCF171893C5DD3090F2 /* [CP] Check Pods Manifest.lock */,
				648833452519BF200059A0B2 /* Sources */,
				648833462519BF200059A0B2 /* Frameworks */,
				648833472519BF200059A0B2 /* Resources */,
			);
			buildRules = (
			);
			dependencies = (
				6488334B2519BF200059A0B2 /* PBXTargetDependency */,
			);
			name = flixsterTests;
			productName = flixsterTests;
			productReference = 648833492519BF200059A0B2 /* flixsterTests.xctest */;
			productType = "com.apple.product-type.bundle.unit-test";
		};
		648833532519BF200059A0B2 /* flixsterUITests */ = {
			isa = PBXNativeTarget;
			buildConfigurationList = 648833632519BF200059A0B2 /* Build configuration list for PBXNativeTarget "flixsterUITests" */;
			buildPhases = (
				CB9B8627084441D373F537AD /* [CP] Check Pods Manifest.lock */,
				648833502519BF200059A0B2 /* Sources */,
				648833512519BF200059A0B2 /* Frameworks */,
				648833522519BF200059A0B2 /* Resources */,
				19CA46EDF98C4B230C85EED6 /* [CP] Embed Pods Frameworks */,
			);
			buildRules = (
			);
			dependencies = (
				648833562519BF200059A0B2 /* PBXTargetDependency */,
			);
			name = flixsterUITests;
			productName = flixsterUITests;
			productReference = 648833542519BF200059A0B2 /* flixsterUITests.xctest */;
			productType = "com.apple.product-type.bundle.ui-testing";
		};
/* End PBXNativeTarget section */

/* Begin PBXProject section */
		6488332B2519BF1E0059A0B2 /* Project object */ = {
			isa = PBXProject;
			attributes = {
				LastSwiftUpdateCheck = 1200;
				LastUpgradeCheck = 1200;
				TargetAttributes = {
					648833322519BF1E0059A0B2 = {
						CreatedOnToolsVersion = 12.0;
					};
					648833482519BF200059A0B2 = {
						CreatedOnToolsVersion = 12.0;
						TestTargetID = 648833322519BF1E0059A0B2;
					};
					648833532519BF200059A0B2 = {
						CreatedOnToolsVersion = 12.0;
						TestTargetID = 648833322519BF1E0059A0B2;
					};
				};
			};
			buildConfigurationList = 6488332E2519BF1E0059A0B2 /* Build configuration list for PBXProject "flixster" */;
			compatibilityVersion = "Xcode 9.3";
			developmentRegion = en;
			hasScannedForEncodings = 0;
			knownRegions = (
				en,
				Base,
			);
			mainGroup = 6488332A2519BF1E0059A0B2;
			productRefGroup = 648833342519BF1E0059A0B2 /* Products */;
			projectDirPath = "";
			projectRoot = "";
			targets = (
				648833322519BF1E0059A0B2 /* flixster */,
				648833482519BF200059A0B2 /* flixsterTests */,
				648833532519BF200059A0B2 /* flixsterUITests */,
			);
		};
/* End PBXProject section */

/* Begin PBXResourcesBuildPhase section */
		648833312519BF1E0059A0B2 /* Resources */ = {
			isa = PBXResourcesBuildPhase;
			buildActionMask = 2147483647;
			files = (
				648833432519BF200059A0B2 /* LaunchScreen.storyboard in Resources */,
				648833402519BF200059A0B2 /* Assets.xcassets in Resources */,
				6488333E2519BF1E0059A0B2 /* Main.storyboard in Resources */,
			);
			runOnlyForDeploymentPostprocessing = 0;
		};
		648833472519BF200059A0B2 /* Resources */ = {
			isa = PBXResourcesBuildPhase;
			buildActionMask = 2147483647;
			files = (
			);
			runOnlyForDeploymentPostprocessing = 0;
		};
		648833522519BF200059A0B2 /* Resources */ = {
			isa = PBXResourcesBuildPhase;
			buildActionMask = 2147483647;
			files = (
			);
			runOnlyForDeploymentPostprocessing = 0;
		};
/* End PBXResourcesBuildPhase section */

/* Begin PBXShellScriptBuildPhase section */
		19CA46EDF98C4B230C85EED6 /* [CP] Embed Pods Frameworks */ = {
			isa = PBXShellScriptBuildPhase;
			buildActionMask = 2147483647;
			files = (
			);
			inputFileListPaths = (
				"${PODS_ROOT}/Target Support Files/Pods-flixster-flixsterUITests/Pods-flixster-flixsterUITests-frameworks-${CONFIGURATION}-input-files.xcfilelist",
			);
			name = "[CP] Embed Pods Frameworks";
			outputFileListPaths = (
				"${PODS_ROOT}/Target Support Files/Pods-flixster-flixsterUITests/Pods-flixster-flixsterUITests-frameworks-${CONFIGURATION}-output-files.xcfilelist",
			);
			runOnlyForDeploymentPostprocessing = 0;
			shellPath = /bin/sh;
			shellScript = "\"${PODS_ROOT}/Target Support Files/Pods-flixster-flixsterUITests/Pods-flixster-flixsterUITests-frameworks.sh\"\n";
			showEnvVarsInLog = 0;
		};
		B6B1F66629D3B73C19BCAC8C /* [CP] Embed Pods Frameworks */ = {
			isa = PBXShellScriptBuildPhase;
			buildActionMask = 2147483647;
			files = (
			);
			inputFileListPaths = (
				"${PODS_ROOT}/Target Support Files/Pods-flixster/Pods-flixster-frameworks-${CONFIGURATION}-input-files.xcfilelist",
			);
			name = "[CP] Embed Pods Frameworks";
			outputFileListPaths = (
				"${PODS_ROOT}/Target Support Files/Pods-flixster/Pods-flixster-frameworks-${CONFIGURATION}-output-files.xcfilelist",
			);
			runOnlyForDeploymentPostprocessing = 0;
			shellPath = /bin/sh;
			shellScript = "\"${PODS_ROOT}/Target Support Files/Pods-flixster/Pods-flixster-frameworks.sh\"\n";
			showEnvVarsInLog = 0;
		};
		CB9B8627084441D373F537AD /* [CP] Check Pods Manifest.lock */ = {
			isa = PBXShellScriptBuildPhase;
			buildActionMask = 2147483647;
			files = (
			);
			inputFileListPaths = (
			);
			inputPaths = (
				"${PODS_PODFILE_DIR_PATH}/Podfile.lock",
				"${PODS_ROOT}/Manifest.lock",
			);
			name = "[CP] Check Pods Manifest.lock";
			outputFileListPaths = (
			);
			outputPaths = (
				"$(DERIVED_FILE_DIR)/Pods-flixster-flixsterUITests-checkManifestLockResult.txt",
			);
			runOnlyForDeploymentPostprocessing = 0;
			shellPath = /bin/sh;
			shellScript = "diff \"${PODS_PODFILE_DIR_PATH}/Podfile.lock\" \"${PODS_ROOT}/Manifest.lock\" > /dev/null\nif [ $? != 0 ] ; then\n    # print error to STDERR\n    echo \"error: The sandbox is not in sync with the Podfile.lock. Run 'pod install' or update your CocoaPods installation.\" >&2\n    exit 1\nfi\n# This output is used by Xcode 'outputs' to avoid re-running this script phase.\necho \"SUCCESS\" > \"${SCRIPT_OUTPUT_FILE_0}\"\n";
			showEnvVarsInLog = 0;
		};
		E3E24240063FA27A927ED915 /* [CP] Check Pods Manifest.lock */ = {
			isa = PBXShellScriptBuildPhase;
			buildActionMask = 2147483647;
			files = (
			);
			inputFileListPaths = (
			);
			inputPaths = (
				"${PODS_PODFILE_DIR_PATH}/Podfile.lock",
				"${PODS_ROOT}/Manifest.lock",
			);
			name = "[CP] Check Pods Manifest.lock";
			outputFileListPaths = (
			);
			outputPaths = (
				"$(DERIVED_FILE_DIR)/Pods-flixster-checkManifestLockResult.txt",
			);
			runOnlyForDeploymentPostprocessing = 0;
			shellPath = /bin/sh;
			shellScript = "diff \"${PODS_PODFILE_DIR_PATH}/Podfile.lock\" \"${PODS_ROOT}/Manifest.lock\" > /dev/null\nif [ $? != 0 ] ; then\n    # print error to STDERR\n    echo \"error: The sandbox is not in sync with the Podfile.lock. Run 'pod install' or update your CocoaPods installation.\" >&2\n    exit 1\nfi\n# This output is used by Xcode 'outputs' to avoid re-running this script phase.\necho \"SUCCESS\" > \"${SCRIPT_OUTPUT_FILE_0}\"\n";
			showEnvVarsInLog = 0;
		};
		E8B01BCF171893C5DD3090F2 /* [CP] Check Pods Manifest.lock */ = {
			isa = PBXShellScriptBuildPhase;
			buildActionMask = 2147483647;
			files = (
			);
			inputFileListPaths = (
			);
			inputPaths = (
				"${PODS_PODFILE_DIR_PATH}/Podfile.lock",
				"${PODS_ROOT}/Manifest.lock",
			);
			name = "[CP] Check Pods Manifest.lock";
			outputFileListPaths = (
			);
			outputPaths = (
				"$(DERIVED_FILE_DIR)/Pods-flixsterTests-checkManifestLockResult.txt",
			);
			runOnlyForDeploymentPostprocessing = 0;
			shellPath = /bin/sh;
			shellScript = "diff \"${PODS_PODFILE_DIR_PATH}/Podfile.lock\" \"${PODS_ROOT}/Manifest.lock\" > /dev/null\nif [ $? != 0 ] ; then\n    # print error to STDERR\n    echo \"error: The sandbox is not in sync with the Podfile.lock. Run 'pod install' or update your CocoaPods installation.\" >&2\n    exit 1\nfi\n# This output is used by Xcode 'outputs' to avoid re-running this script phase.\necho \"SUCCESS\" > \"${SCRIPT_OUTPUT_FILE_0}\"\n";
			showEnvVarsInLog = 0;
		};
/* End PBXShellScriptBuildPhase section */

/* Begin PBXSourcesBuildPhase section */
		6488332F2519BF1E0059A0B2 /* Sources */ = {
			isa = PBXSourcesBuildPhase;
			buildActionMask = 2147483647;
			files = (
				64C23E612525454900562048 /* MovieGridViewController.swift in Sources */,
				648833372519BF1E0059A0B2 /* AppDelegate.swift in Sources */,
				648833392519BF1E0059A0B2 /* SceneDelegate.swift in Sources */,
				64F62AAA2525A32A00B3D0F8 /* MovieDetailsViewController.swift in Sources */,
				648833722519BFF70059A0B2 /* MovieCell.swift in Sources */,
				64C23E6925254BC600562048 /* MovieGridCell.swift in Sources */,
				6488336A2519BFB60059A0B2 /* MovieViewController.swift in Sources */,
			);
			runOnlyForDeploymentPostprocessing = 0;
		};
		648833452519BF200059A0B2 /* Sources */ = {
			isa = PBXSourcesBuildPhase;
			buildActionMask = 2147483647;
			files = (
				6488334E2519BF200059A0B2 /* flixsterTests.swift in Sources */,
			);
			runOnlyForDeploymentPostprocessing = 0;
		};
		648833502519BF200059A0B2 /* Sources */ = {
			isa = PBXSourcesBuildPhase;
			buildActionMask = 2147483647;
			files = (
				648833592519BF200059A0B2 /* flixsterUITests.swift in Sources */,
			);
			runOnlyForDeploymentPostprocessing = 0;
		};
/* End PBXSourcesBuildPhase section */

/* Begin PBXTargetDependency section */
		6488334B2519BF200059A0B2 /* PBXTargetDependency */ = {
			isa = PBXTargetDependency;
			target = 648833322519BF1E0059A0B2 /* flixster */;
			targetProxy = 6488334A2519BF200059A0B2 /* PBXContainerItemProxy */;
		};
		648833562519BF200059A0B2 /* PBXTargetDependency */ = {
			isa = PBXTargetDependency;
			target = 648833322519BF1E0059A0B2 /* flixster */;
			targetProxy = 648833552519BF200059A0B2 /* PBXContainerItemProxy */;
		};
/* End PBXTargetDependency section */

/* Begin PBXVariantGroup section */
		6488333C2519BF1E0059A0B2 /* Main.storyboard */ = {
			isa = PBXVariantGroup;
			children = (
				6488333D2519BF1E0059A0B2 /* Base */,
			);
			name = Main.storyboard;
			sourceTree = "<group>";
		};
		648833412519BF200059A0B2 /* LaunchScreen.storyboard */ = {
			isa = PBXVariantGroup;
			children = (
				648833422519BF200059A0B2 /* Base */,
			);
			name = LaunchScreen.storyboard;
			sourceTree = "<group>";
		};
/* End PBXVariantGroup section */

/* Begin XCBuildConfiguration section */
		6488335B2519BF200059A0B2 /* Debug */ = {
			isa = XCBuildConfiguration;
			buildSettings = {
				ALWAYS_SEARCH_USER_PATHS = NO;
				CLANG_ANALYZER_NONNULL = YES;
				CLANG_ANALYZER_NUMBER_OBJECT_CONVERSION = YES_AGGRESSIVE;
				CLANG_CXX_LANGUAGE_STANDARD = "gnu++14";
				CLANG_CXX_LIBRARY = "libc++";
				CLANG_ENABLE_MODULES = YES;
				CLANG_ENABLE_OBJC_ARC = YES;
				CLANG_ENABLE_OBJC_WEAK = YES;
				CLANG_WARN_BLOCK_CAPTURE_AUTORELEASING = YES;
				CLANG_WARN_BOOL_CONVERSION = YES;
				CLANG_WARN_COMMA = YES;
				CLANG_WARN_CONSTANT_CONVERSION = YES;
				CLANG_WARN_DEPRECATED_OBJC_IMPLEMENTATIONS = YES;
				CLANG_WARN_DIRECT_OBJC_ISA_USAGE = YES_ERROR;
				CLANG_WARN_DOCUMENTATION_COMMENTS = YES;
				CLANG_WARN_EMPTY_BODY = YES;
				CLANG_WARN_ENUM_CONVERSION = YES;
				CLANG_WARN_INFINITE_RECURSION = YES;
				CLANG_WARN_INT_CONVERSION = YES;
				CLANG_WARN_NON_LITERAL_NULL_CONVERSION = YES;
				CLANG_WARN_OBJC_IMPLICIT_RETAIN_SELF = YES;
				CLANG_WARN_OBJC_LITERAL_CONVERSION = YES;
				CLANG_WARN_OBJC_ROOT_CLASS = YES_ERROR;
				CLANG_WARN_QUOTED_INCLUDE_IN_FRAMEWORK_HEADER = YES;
				CLANG_WARN_RANGE_LOOP_ANALYSIS = YES;
				CLANG_WARN_STRICT_PROTOTYPES = YES;
				CLANG_WARN_SUSPICIOUS_MOVE = YES;
				CLANG_WARN_UNGUARDED_AVAILABILITY = YES_AGGRESSIVE;
				CLANG_WARN_UNREACHABLE_CODE = YES;
				CLANG_WARN__DUPLICATE_METHOD_MATCH = YES;
				COPY_PHASE_STRIP = NO;
				DEBUG_INFORMATION_FORMAT = dwarf;
				ENABLE_STRICT_OBJC_MSGSEND = YES;
				ENABLE_TESTABILITY = YES;
				GCC_C_LANGUAGE_STANDARD = gnu11;
				GCC_DYNAMIC_NO_PIC = NO;
				GCC_NO_COMMON_BLOCKS = YES;
				GCC_OPTIMIZATION_LEVEL = 0;
				GCC_PREPROCESSOR_DEFINITIONS = (
					"DEBUG=1",
					"$(inherited)",
				);
				GCC_WARN_64_TO_32_BIT_CONVERSION = YES;
				GCC_WARN_ABOUT_RETURN_TYPE = YES_ERROR;
				GCC_WARN_UNDECLARED_SELECTOR = YES;
				GCC_WARN_UNINITIALIZED_AUTOS = YES_AGGRESSIVE;
				GCC_WARN_UNUSED_FUNCTION = YES;
				GCC_WARN_UNUSED_VARIABLE = YES;
				IPHONEOS_DEPLOYMENT_TARGET = 14.0;
				MTL_ENABLE_DEBUG_INFO = INCLUDE_SOURCE;
				MTL_FAST_MATH = YES;
				ONLY_ACTIVE_ARCH = YES;
				SDKROOT = iphoneos;
				SWIFT_ACTIVE_COMPILATION_CONDITIONS = DEBUG;
				SWIFT_OPTIMIZATION_LEVEL = "-Onone";
			};
			name = Debug;
		};
		6488335C2519BF200059A0B2 /* Release */ = {
			isa = XCBuildConfiguration;
			buildSettings = {
				ALWAYS_SEARCH_USER_PATHS = NO;
				CLANG_ANALYZER_NONNULL = YES;
				CLANG_ANALYZER_NUMBER_OBJECT_CONVERSION = YES_AGGRESSIVE;
				CLANG_CXX_LANGUAGE_STANDARD = "gnu++14";
				CLANG_CXX_LIBRARY = "libc++";
				CLANG_ENABLE_MODULES = YES;
				CLANG_ENABLE_OBJC_ARC = YES;
				CLANG_ENABLE_OBJC_WEAK = YES;
				CLANG_WARN_BLOCK_CAPTURE_AUTORELEASING = YES;
				CLANG_WARN_BOOL_CONVERSION = YES;
				CLANG_WARN_COMMA = YES;
				CLANG_WARN_CONSTANT_CONVERSION = YES;
				CLANG_WARN_DEPRECATED_OBJC_IMPLEMENTATIONS = YES;
				CLANG_WARN_DIRECT_OBJC_ISA_USAGE = YES_ERROR;
				CLANG_WARN_DOCUMENTATION_COMMENTS = YES;
				CLANG_WARN_EMPTY_BODY = YES;
				CLANG_WARN_ENUM_CONVERSION = YES;
				CLANG_WARN_INFINITE_RECURSION = YES;
				CLANG_WARN_INT_CONVERSION = YES;
				CLANG_WARN_NON_LITERAL_NULL_CONVERSION = YES;
				CLANG_WARN_OBJC_IMPLICIT_RETAIN_SELF = YES;
				CLANG_WARN_OBJC_LITERAL_CONVERSION = YES;
				CLANG_WARN_OBJC_ROOT_CLASS = YES_ERROR;
				CLANG_WARN_QUOTED_INCLUDE_IN_FRAMEWORK_HEADER = YES;
				CLANG_WARN_RANGE_LOOP_ANALYSIS = YES;
				CLANG_WARN_STRICT_PROTOTYPES = YES;
				CLANG_WARN_SUSPICIOUS_MOVE = YES;
				CLANG_WARN_UNGUARDED_AVAILABILITY = YES_AGGRESSIVE;
				CLANG_WARN_UNREACHABLE_CODE = YES;
				CLANG_WARN__DUPLICATE_METHOD_MATCH = YES;
				COPY_PHASE_STRIP = NO;
				DEBUG_INFORMATION_FORMAT = "dwarf-with-dsym";
				ENABLE_NS_ASSERTIONS = NO;
				ENABLE_STRICT_OBJC_MSGSEND = YES;
				GCC_C_LANGUAGE_STANDARD = gnu11;
				GCC_NO_COMMON_BLOCKS = YES;
				GCC_WARN_64_TO_32_BIT_CONVERSION = YES;
				GCC_WARN_ABOUT_RETURN_TYPE = YES_ERROR;
				GCC_WARN_UNDECLARED_SELECTOR = YES;
				GCC_WARN_UNINITIALIZED_AUTOS = YES_AGGRESSIVE;
				GCC_WARN_UNUSED_FUNCTION = YES;
				GCC_WARN_UNUSED_VARIABLE = YES;
				IPHONEOS_DEPLOYMENT_TARGET = 14.0;
				MTL_ENABLE_DEBUG_INFO = NO;
				MTL_FAST_MATH = YES;
				SDKROOT = iphoneos;
				SWIFT_COMPILATION_MODE = wholemodule;
				SWIFT_OPTIMIZATION_LEVEL = "-O";
				VALIDATE_PRODUCT = YES;
			};
			name = Release;
		};
		6488335E2519BF200059A0B2 /* Debug */ = {
			isa = XCBuildConfiguration;
			baseConfigurationReference = 00F9CD967ACA4CA8689F8C61 /* Pods-flixster.debug.xcconfig */;
			buildSettings = {
				ASSETCATALOG_COMPILER_APPICON_NAME = AppIcon;
				ASSETCATALOG_COMPILER_GLOBAL_ACCENT_COLOR_NAME = AccentColor;
				CODE_SIGN_STYLE = Automatic;
				DEVELOPMENT_TEAM = QYTMGGLSQ3;
				INFOPLIST_FILE = flixster/Info.plist;
				LD_RUNPATH_SEARCH_PATHS = (
					"$(inherited)",
					"@executable_path/Frameworks",
				);
				PRODUCT_BUNDLE_IDENTIFIER = com.flix.com.flixster;
				PRODUCT_NAME = "$(TARGET_NAME)";
				SWIFT_VERSION = 5.0;
				TARGETED_DEVICE_FAMILY = "1,2";
			};
			name = Debug;
		};
		6488335F2519BF200059A0B2 /* Release */ = {
			isa = XCBuildConfiguration;
			baseConfigurationReference = 6F770B97E55A5A57471B14C8 /* Pods-flixster.release.xcconfig */;
			buildSettings = {
				ASSETCATALOG_COMPILER_APPICON_NAME = AppIcon;
				ASSETCATALOG_COMPILER_GLOBAL_ACCENT_COLOR_NAME = AccentColor;
				CODE_SIGN_STYLE = Automatic;
				DEVELOPMENT_TEAM = QYTMGGLSQ3;
				INFOPLIST_FILE = flixster/Info.plist;
				LD_RUNPATH_SEARCH_PATHS = (
					"$(inherited)",
					"@executable_path/Frameworks",
				);
				PRODUCT_BUNDLE_IDENTIFIER = com.flix.com.flixster;
				PRODUCT_NAME = "$(TARGET_NAME)";
				SWIFT_VERSION = 5.0;
				TARGETED_DEVICE_FAMILY = "1,2";
			};
			name = Release;
		};
		648833612519BF200059A0B2 /* Debug */ = {
			isa = XCBuildConfiguration;
			baseConfigurationReference = 4E34DFDBF04E912907F7C921 /* Pods-flixsterTests.debug.xcconfig */;
			buildSettings = {
				ALWAYS_EMBED_SWIFT_STANDARD_LIBRARIES = YES;
				BUNDLE_LOADER = "$(TEST_HOST)";
				CODE_SIGN_STYLE = Automatic;
				INFOPLIST_FILE = flixsterTests/Info.plist;
				IPHONEOS_DEPLOYMENT_TARGET = 14.0;
				LD_RUNPATH_SEARCH_PATHS = (
					"$(inherited)",
					"@executable_path/Frameworks",
					"@loader_path/Frameworks",
				);
				PRODUCT_BUNDLE_IDENTIFIER = com.flix.com.flixsterTests;
				PRODUCT_NAME = "$(TARGET_NAME)";
				SWIFT_VERSION = 5.0;
				TARGETED_DEVICE_FAMILY = "1,2";
				TEST_HOST = "$(BUILT_PRODUCTS_DIR)/flixster.app/flixster";
			};
			name = Debug;
		};
		648833622519BF200059A0B2 /* Release */ = {
			isa = XCBuildConfiguration;
			baseConfigurationReference = DA96B903E869C486124A1AB8 /* Pods-flixsterTests.release.xcconfig */;
			buildSettings = {
				ALWAYS_EMBED_SWIFT_STANDARD_LIBRARIES = YES;
				BUNDLE_LOADER = "$(TEST_HOST)";
				CODE_SIGN_STYLE = Automatic;
				INFOPLIST_FILE = flixsterTests/Info.plist;
				IPHONEOS_DEPLOYMENT_TARGET = 14.0;
				LD_RUNPATH_SEARCH_PATHS = (
					"$(inherited)",
					"@executable_path/Frameworks",
					"@loader_path/Frameworks",
				);
				PRODUCT_BUNDLE_IDENTIFIER = com.flix.com.flixsterTests;
				PRODUCT_NAME = "$(TARGET_NAME)";
				SWIFT_VERSION = 5.0;
				TARGETED_DEVICE_FAMILY = "1,2";
				TEST_HOST = "$(BUILT_PRODUCTS_DIR)/flixster.app/flixster";
			};
			name = Release;
		};
		648833642519BF200059A0B2 /* Debug */ = {
			isa = XCBuildConfiguration;
			baseConfigurationReference = DA242F83446EFB4430E4FC8F /* Pods-flixster-flixsterUITests.debug.xcconfig */;
			buildSettings = {
				ALWAYS_EMBED_SWIFT_STANDARD_LIBRARIES = YES;
				CODE_SIGN_STYLE = Automatic;
				INFOPLIST_FILE = flixsterUITests/Info.plist;
				LD_RUNPATH_SEARCH_PATHS = (
					"$(inherited)",
					"@executable_path/Frameworks",
					"@loader_path/Frameworks",
				);
				PRODUCT_BUNDLE_IDENTIFIER = com.flix.com.flixsterUITests;
				PRODUCT_NAME = "$(TARGET_NAME)";
				SWIFT_VERSION = 5.0;
				TARGETED_DEVICE_FAMILY = "1,2";
				TEST_TARGET_NAME = flixster;
			};
			name = Debug;
		};
		648833652519BF200059A0B2 /* Release */ = {
			isa = XCBuildConfiguration;
			baseConfigurationReference = 83D27A7D81B7212BA4C4291E /* Pods-flixster-flixsterUITests.release.xcconfig */;
			buildSettings = {
				ALWAYS_EMBED_SWIFT_STANDARD_LIBRARIES = YES;
				CODE_SIGN_STYLE = Automatic;
				INFOPLIST_FILE = flixsterUITests/Info.plist;
				LD_RUNPATH_SEARCH_PATHS = (
					"$(inherited)",
					"@executable_path/Frameworks",
					"@loader_path/Frameworks",
				);
				PRODUCT_BUNDLE_IDENTIFIER = com.flix.com.flixsterUITests;
				PRODUCT_NAME = "$(TARGET_NAME)";
				SWIFT_VERSION = 5.0;
				TARGETED_DEVICE_FAMILY = "1,2";
				TEST_TARGET_NAME = flixster;
			};
			name = Release;
		};
/* End XCBuildConfiguration section */

/* Begin XCConfigurationList section */
		6488332E2519BF1E0059A0B2 /* Build configuration list for PBXProject "flixster" */ = {
			isa = XCConfigurationList;
			buildConfigurations = (
				6488335B2519BF200059A0B2 /* Debug */,
				6488335C2519BF200059A0B2 /* Release */,
			);
			defaultConfigurationIsVisible = 0;
			defaultConfigurationName = Release;
		};
		6488335D2519BF200059A0B2 /* Build configuration list for PBXNativeTarget "flixster" */ = {
			isa = XCConfigurationList;
			buildConfigurations = (
				6488335E2519BF200059A0B2 /* Debug */,
				6488335F2519BF200059A0B2 /* Release */,
			);
			defaultConfigurationIsVisible = 0;
			defaultConfigurationName = Release;
		};
		648833602519BF200059A0B2 /* Build configuration list for PBXNativeTarget "flixsterTests" */ = {
			isa = XCConfigurationList;
			buildConfigurations = (
				648833612519BF200059A0B2 /* Debug */,
				648833622519BF200059A0B2 /* Release */,
			);
			defaultConfigurationIsVisible = 0;
			defaultConfigurationName = Release;
		};
		648833632519BF200059A0B2 /* Build configuration list for PBXNativeTarget "flixsterUITests" */ = {
			isa = XCConfigurationList;
			buildConfigurations = (
				648833642519BF200059A0B2 /* Debug */,
				648833652519BF200059A0B2 /* Release */,
			);
			defaultConfigurationIsVisible = 0;
			defaultConfigurationName = Release;
		};
/* End XCConfigurationList section */
	};
	rootObject = 6488332B2519BF1E0059A0B2 /* Project object */;
}
